
Microsoft Visual Studio Solution File, Format Version 12.00
# Visual Studio Version 17
VisualStudioVersion = 17.0.31903.59
MinimumVisualStudioVersion = 10.0.40219.1
Project("{FAE04EC0-301F-11D3-BF4B-00C04F79EFBC}") = "ConduitNet.Contracts", "ConduitNet.Contracts\ConduitNet.Contracts.csproj", "{0B18CD87-C0FE-415D-AC3C-D7A87B2597E0}"
EndProject
Project("{FAE04EC0-301F-11D3-BF4B-00C04F79EFBC}") = "ConduitNet.Core", "ConduitNet.Core\ConduitNet.Core.csproj", "{EF362F52-10A7-46F0-8931-D3CBE6BDAC28}"
EndProject
Project("{FAE04EC0-301F-11D3-BF4B-00C04F79EFBC}") = "ConduitNet.Client", "ConduitNet.Client\ConduitNet.Client.csproj", "{0C26628D-E78C-4E33-BFB0-F89A529536F5}"
EndProject
Project("{FAE04EC0-301F-11D3-BF4B-00C04F79EFBC}") = "ConduitNet.Server", "ConduitNet.Server\ConduitNet.Server.csproj", "{BBBC254B-B691-4AF1-AF3A-11832B439209}"
EndProject
Project("{FAE04EC0-301F-11D3-BF4B-00C04F79EFBC}") = "ConduitNet.Tests.E2E", "ConduitNet.Tests.E2E\ConduitNet.Tests.E2E.csproj", "{DEB03946-A4FC-475D-A121-9FA0DCFB0FE4}"
EndProject
Project("{FAE04EC0-301F-11D3-BF4B-00C04F79EFBC}") = "ConduitNet.Node", "ConduitNet.Node\ConduitNet.Node.csproj", "{151CB3D5-0259-4305-8880-4A55C98405BD}"
EndProject
Project("{FAE04EC0-301F-11D3-BF4B-00C04F79EFBC}") = "ConduitNet.Examples.Directory", "..\Examples\ConduitNet.Examples.Directory\ConduitNet.Examples.Directory.csproj", "{9053C2F2-79A1-4C72-A3AB-30F723A081B4}"
EndProject
Project("{FAE04EC0-301F-11D3-BF4B-00C04F79EFBC}") = "ConduitNet.Examples.UserService", "..\Examples\ConduitNet.Examples.UserService\ConduitNet.Examples.UserService.csproj", "{6B73F94E-D1FA-4D3F-B03E-8935833B092C}"
EndProject
Project("{FAE04EC0-301F-11D3-BF4B-00C04F79EFBC}") = "ConduitNet.Deployment", "ConduitNet.Deployment\ConduitNet.Deployment.csproj", "{A51F4A61-C5F1-4887-8F78-D481A5F2F6CC}"
EndProject
Project("{FAE04EC0-301F-11D3-BF4B-00C04F79EFBC}") = "ConduitNet.Deployer", "ConduitNet.Deployer\ConduitNet.Deployer.csproj", "{6F23A5F9-8B1C-4C7E-B0F1-9EFC40C47BBF}"
EndProject
Project("{FAE04EC0-301F-11D3-BF4B-00C04F79EFBC}") = "ConduitNet.Examples.AclService", "..\Examples\ConduitNet.Examples.AclService\ConduitNet.Examples.AclService.csproj", "{FD465A75-0984-4451-B539-B1CEF0BFA4DF}"
EndProject
Project("{FAE04EC0-301F-11D3-BF4B-00C04F79EFBC}") = "ConduitNet.Tests.Unit", "ConduitNet.Tests.Unit\ConduitNet.Tests.Unit.csproj", "{AB988D13-CD06-4991-BD8E-57F68E8F1D0B}"
EndProject
Project("{FAE04EC0-301F-11D3-BF4B-00C04F79EFBC}") = "ConduitNet.Telemetry.Node", "ConduitNet.Telemetry.Node\ConduitNet.Telemetry.Node.csproj", "{F8E5F1A4-9974-4759-8531-75C143735A93}"
EndProject
Project("{FAE04EC0-301F-11D3-BF4B-00C04F79EFBC}") = "Conduit.Cli", "Conduit.Cli\Conduit.Cli.csproj", "{A15ABA39-DA48-434E-AF11-94490C6360A1}"
EndProject
Global
	GlobalSection(SolutionConfigurationPlatforms) = preSolution
		Debug|Any CPU = Debug|Any CPU
		Debug|x64 = Debug|x64
		Debug|x86 = Debug|x86
		Release|Any CPU = Release|Any CPU
		Release|x64 = Release|x64
		Release|x86 = Release|x86
	EndGlobalSection
	GlobalSection(ProjectConfigurationPlatforms) = postSolution
		{0B18CD87-C0FE-415D-AC3C-D7A87B2597E0}.Debug|Any CPU.ActiveCfg = Debug|Any CPU
		{0B18CD87-C0FE-415D-AC3C-D7A87B2597E0}.Debug|Any CPU.Build.0 = Debug|Any CPU
		{0B18CD87-C0FE-415D-AC3C-D7A87B2597E0}.Debug|x64.ActiveCfg = Debug|Any CPU
		{0B18CD87-C0FE-415D-AC3C-D7A87B2597E0}.Debug|x64.Build.0 = Debug|Any CPU
		{0B18CD87-C0FE-415D-AC3C-D7A87B2597E0}.Debug|x86.ActiveCfg = Debug|Any CPU
		{0B18CD87-C0FE-415D-AC3C-D7A87B2597E0}.Debug|x86.Build.0 = Debug|Any CPU
		{0B18CD87-C0FE-415D-AC3C-D7A87B2597E0}.Release|Any CPU.ActiveCfg = Release|Any CPU
		{0B18CD87-C0FE-415D-AC3C-D7A87B2597E0}.Release|Any CPU.Build.0 = Release|Any CPU
		{0B18CD87-C0FE-415D-AC3C-D7A87B2597E0}.Release|x64.ActiveCfg = Release|Any CPU
		{0B18CD87-C0FE-415D-AC3C-D7A87B2597E0}.Release|x64.Build.0 = Release|Any CPU
		{0B18CD87-C0FE-415D-AC3C-D7A87B2597E0}.Release|x86.ActiveCfg = Release|Any CPU
		{0B18CD87-C0FE-415D-AC3C-D7A87B2597E0}.Release|x86.Build.0 = Release|Any CPU
		{EF362F52-10A7-46F0-8931-D3CBE6BDAC28}.Debug|Any CPU.ActiveCfg = Debug|Any CPU
		{EF362F52-10A7-46F0-8931-D3CBE6BDAC28}.Debug|Any CPU.Build.0 = Debug|Any CPU
		{EF362F52-10A7-46F0-8931-D3CBE6BDAC28}.Debug|x64.ActiveCfg = Debug|Any CPU
		{EF362F52-10A7-46F0-8931-D3CBE6BDAC28}.Debug|x64.Build.0 = Debug|Any CPU
		{EF362F52-10A7-46F0-8931-D3CBE6BDAC28}.Debug|x86.ActiveCfg = Debug|Any CPU
		{EF362F52-10A7-46F0-8931-D3CBE6BDAC28}.Debug|x86.Build.0 = Debug|Any CPU
		{EF362F52-10A7-46F0-8931-D3CBE6BDAC28}.Release|Any CPU.ActiveCfg = Release|Any CPU
		{EF362F52-10A7-46F0-8931-D3CBE6BDAC28}.Release|Any CPU.Build.0 = Release|Any CPU
		{EF362F52-10A7-46F0-8931-D3CBE6BDAC28}.Release|x64.ActiveCfg = Release|Any CPU
		{EF362F52-10A7-46F0-8931-D3CBE6BDAC28}.Release|x64.Build.0 = Release|Any CPU
		{EF362F52-10A7-46F0-8931-D3CBE6BDAC28}.Release|x86.ActiveCfg = Release|Any CPU
		{EF362F52-10A7-46F0-8931-D3CBE6BDAC28}.Release|x86.Build.0 = Release|Any CPU
		{0C26628D-E78C-4E33-BFB0-F89A529536F5}.Debug|Any CPU.ActiveCfg = Debug|Any CPU
		{0C26628D-E78C-4E33-BFB0-F89A529536F5}.Debug|Any CPU.Build.0 = Debug|Any CPU
		{0C26628D-E78C-4E33-BFB0-F89A529536F5}.Debug|x64.ActiveCfg = Debug|Any CPU
		{0C26628D-E78C-4E33-BFB0-F89A529536F5}.Debug|x64.Build.0 = Debug|Any CPU
		{0C26628D-E78C-4E33-BFB0-F89A529536F5}.Debug|x86.ActiveCfg = Debug|Any CPU
		{0C26628D-E78C-4E33-BFB0-F89A529536F5}.Debug|x86.Build.0 = Debug|Any CPU
		{0C26628D-E78C-4E33-BFB0-F89A529536F5}.Release|Any CPU.ActiveCfg = Release|Any CPU
		{0C26628D-E78C-4E33-BFB0-F89A529536F5}.Release|Any CPU.Build.0 = Release|Any CPU
		{0C26628D-E78C-4E33-BFB0-F89A529536F5}.Release|x64.ActiveCfg = Release|Any CPU
		{0C26628D-E78C-4E33-BFB0-F89A529536F5}.Release|x64.Build.0 = Release|Any CPU
		{0C26628D-E78C-4E33-BFB0-F89A529536F5}.Release|x86.ActiveCfg = Release|Any CPU
		{0C26628D-E78C-4E33-BFB0-F89A529536F5}.Release|x86.Build.0 = Release|Any CPU
		{BBBC254B-B691-4AF1-AF3A-11832B439209}.Debug|Any CPU.ActiveCfg = Debug|Any CPU
		{BBBC254B-B691-4AF1-AF3A-11832B439209}.Debug|Any CPU.Build.0 = Debug|Any CPU
		{BBBC254B-B691-4AF1-AF3A-11832B439209}.Debug|x64.ActiveCfg = Debug|Any CPU
		{BBBC254B-B691-4AF1-AF3A-11832B439209}.Debug|x64.Build.0 = Debug|Any CPU
		{BBBC254B-B691-4AF1-AF3A-11832B439209}.Debug|x86.ActiveCfg = Debug|Any CPU
		{BBBC254B-B691-4AF1-AF3A-11832B439209}.Debug|x86.Build.0 = Debug|Any CPU
		{BBBC254B-B691-4AF1-AF3A-11832B439209}.Release|Any CPU.ActiveCfg = Release|Any CPU
		{BBBC254B-B691-4AF1-AF3A-11832B439209}.Release|Any CPU.Build.0 = Release|Any CPU
		{BBBC254B-B691-4AF1-AF3A-11832B439209}.Release|x64.ActiveCfg = Release|Any CPU
		{BBBC254B-B691-4AF1-AF3A-11832B439209}.Release|x64.Build.0 = Release|Any CPU
		{BBBC254B-B691-4AF1-AF3A-11832B439209}.Release|x86.ActiveCfg = Release|Any CPU
		{BBBC254B-B691-4AF1-AF3A-11832B439209}.Release|x86.Build.0 = Release|Any CPU
		{DEB03946-A4FC-475D-A121-9FA0DCFB0FE4}.Debug|Any CPU.ActiveCfg = Debug|Any CPU
		{DEB03946-A4FC-475D-A121-9FA0DCFB0FE4}.Debug|Any CPU.Build.0 = Debug|Any CPU
		{DEB03946-A4FC-475D-A121-9FA0DCFB0FE4}.Debug|x64.ActiveCfg = Debug|Any CPU
		{DEB03946-A4FC-475D-A121-9FA0DCFB0FE4}.Debug|x64.Build.0 = Debug|Any CPU
		{DEB03946-A4FC-475D-A121-9FA0DCFB0FE4}.Debug|x86.ActiveCfg = Debug|Any CPU
		{DEB03946-A4FC-475D-A121-9FA0DCFB0FE4}.Debug|x86.Build.0 = Debug|Any CPU
		{DEB03946-A4FC-475D-A121-9FA0DCFB0FE4}.Release|Any CPU.ActiveCfg = Release|Any CPU
		{DEB03946-A4FC-475D-A121-9FA0DCFB0FE4}.Release|Any CPU.Build.0 = Release|Any CPU
		{DEB03946-A4FC-475D-A121-9FA0DCFB0FE4}.Release|x64.ActiveCfg = Release|Any CPU
		{DEB03946-A4FC-475D-A121-9FA0DCFB0FE4}.Release|x64.Build.0 = Release|Any CPU
		{DEB03946-A4FC-475D-A121-9FA0DCFB0FE4}.Release|x86.ActiveCfg = Release|Any CPU
		{DEB03946-A4FC-475D-A121-9FA0DCFB0FE4}.Release|x86.Build.0 = Release|Any CPU
		{151CB3D5-0259-4305-8880-4A55C98405BD}.Debug|Any CPU.ActiveCfg = Debug|Any CPU
		{151CB3D5-0259-4305-8880-4A55C98405BD}.Debug|Any CPU.Build.0 = Debug|Any CPU
		{151CB3D5-0259-4305-8880-4A55C98405BD}.Debug|x64.ActiveCfg = Debug|Any CPU
		{151CB3D5-0259-4305-8880-4A55C98405BD}.Debug|x64.Build.0 = Debug|Any CPU
		{151CB3D5-0259-4305-8880-4A55C98405BD}.Debug|x86.ActiveCfg = Debug|Any CPU
		{151CB3D5-0259-4305-8880-4A55C98405BD}.Debug|x86.Build.0 = Debug|Any CPU
		{151CB3D5-0259-4305-8880-4A55C98405BD}.Release|Any CPU.ActiveCfg = Release|Any CPU
		{151CB3D5-0259-4305-8880-4A55C98405BD}.Release|Any CPU.Build.0 = Release|Any CPU
		{151CB3D5-0259-4305-8880-4A55C98405BD}.Release|x64.ActiveCfg = Release|Any CPU
		{151CB3D5-0259-4305-8880-4A55C98405BD}.Release|x64.Build.0 = Release|Any CPU
		{151CB3D5-0259-4305-8880-4A55C98405BD}.Release|x86.ActiveCfg = Release|Any CPU
		{151CB3D5-0259-4305-8880-4A55C98405BD}.Release|x86.Build.0 = Release|Any CPU
		{9053C2F2-79A1-4C72-A3AB-30F723A081B4}.Debug|Any CPU.ActiveCfg = Debug|Any CPU
		{9053C2F2-79A1-4C72-A3AB-30F723A081B4}.Debug|Any CPU.Build.0 = Debug|Any CPU
		{9053C2F2-79A1-4C72-A3AB-30F723A081B4}.Debug|x64.ActiveCfg = Debug|Any CPU
		{9053C2F2-79A1-4C72-A3AB-30F723A081B4}.Debug|x64.Build.0 = Debug|Any CPU
		{9053C2F2-79A1-4C72-A3AB-30F723A081B4}.Debug|x86.ActiveCfg = Debug|Any CPU
		{9053C2F2-79A1-4C72-A3AB-30F723A081B4}.Debug|x86.Build.0 = Debug|Any CPU
		{9053C2F2-79A1-4C72-A3AB-30F723A081B4}.Release|Any CPU.ActiveCfg = Release|Any CPU
		{9053C2F2-79A1-4C72-A3AB-30F723A081B4}.Release|Any CPU.Build.0 = Release|Any CPU
		{9053C2F2-79A1-4C72-A3AB-30F723A081B4}.Release|x64.ActiveCfg = Release|Any CPU
		{9053C2F2-79A1-4C72-A3AB-30F723A081B4}.Release|x64.Build.0 = Release|Any CPU
		{9053C2F2-79A1-4C72-A3AB-30F723A081B4}.Release|x86.ActiveCfg = Release|Any CPU
		{9053C2F2-79A1-4C72-A3AB-30F723A081B4}.Release|x86.Build.0 = Release|Any CPU
		{6B73F94E-D1FA-4D3F-B03E-8935833B092C}.Debug|Any CPU.ActiveCfg = Debug|Any CPU
		{6B73F94E-D1FA-4D3F-B03E-8935833B092C}.Debug|Any CPU.Build.0 = Debug|Any CPU
		{6B73F94E-D1FA-4D3F-B03E-8935833B092C}.Debug|x64.ActiveCfg = Debug|Any CPU
		{6B73F94E-D1FA-4D3F-B03E-8935833B092C}.Debug|x64.Build.0 = Debug|Any CPU
		{6B73F94E-D1FA-4D3F-B03E-8935833B092C}.Debug|x86.ActiveCfg = Debug|Any CPU
		{6B73F94E-D1FA-4D3F-B03E-8935833B092C}.Debug|x86.Build.0 = Debug|Any CPU
		{6B73F94E-D1FA-4D3F-B03E-8935833B092C}.Release|Any CPU.ActiveCfg = Release|Any CPU
		{6B73F94E-D1FA-4D3F-B03E-8935833B092C}.Release|Any CPU.Build.0 = Release|Any CPU
		{6B73F94E-D1FA-4D3F-B03E-8935833B092C}.Release|x64.ActiveCfg = Release|Any CPU
		{6B73F94E-D1FA-4D3F-B03E-8935833B092C}.Release|x64.Build.0 = Release|Any CPU
		{6B73F94E-D1FA-4D3F-B03E-8935833B092C}.Release|x86.ActiveCfg = Release|Any CPU
		{6B73F94E-D1FA-4D3F-B03E-8935833B092C}.Release|x86.Build.0 = Release|Any CPU
		{A51F4A61-C5F1-4887-8F78-D481A5F2F6CC}.Debug|Any CPU.ActiveCfg = Debug|Any CPU
		{A51F4A61-C5F1-4887-8F78-D481A5F2F6CC}.Debug|Any CPU.Build.0 = Debug|Any CPU
		{A51F4A61-C5F1-4887-8F78-D481A5F2F6CC}.Debug|x64.ActiveCfg = Debug|Any CPU
		{A51F4A61-C5F1-4887-8F78-D481A5F2F6CC}.Debug|x64.Build.0 = Debug|Any CPU
		{A51F4A61-C5F1-4887-8F78-D481A5F2F6CC}.Debug|x86.ActiveCfg = Debug|Any CPU
		{A51F4A61-C5F1-4887-8F78-D481A5F2F6CC}.Debug|x86.Build.0 = Debug|Any CPU
		{A51F4A61-C5F1-4887-8F78-D481A5F2F6CC}.Release|Any CPU.ActiveCfg = Release|Any CPU
		{A51F4A61-C5F1-4887-8F78-D481A5F2F6CC}.Release|Any CPU.Build.0 = Release|Any CPU
		{A51F4A61-C5F1-4887-8F78-D481A5F2F6CC}.Release|x64.ActiveCfg = Release|Any CPU
		{A51F4A61-C5F1-4887-8F78-D481A5F2F6CC}.Release|x64.Build.0 = Release|Any CPU
		{A51F4A61-C5F1-4887-8F78-D481A5F2F6CC}.Release|x86.ActiveCfg = Release|Any CPU
		{A51F4A61-C5F1-4887-8F78-D481A5F2F6CC}.Release|x86.Build.0 = Release|Any CPU
		{6F23A5F9-8B1C-4C7E-B0F1-9EFC40C47BBF}.Debug|Any CPU.ActiveCfg = Debug|Any CPU
		{6F23A5F9-8B1C-4C7E-B0F1-9EFC40C47BBF}.Debug|Any CPU.Build.0 = Debug|Any CPU
		{6F23A5F9-8B1C-4C7E-B0F1-9EFC40C47BBF}.Debug|x64.ActiveCfg = Debug|Any CPU
		{6F23A5F9-8B1C-4C7E-B0F1-9EFC40C47BBF}.Debug|x64.Build.0 = Debug|Any CPU
		{6F23A5F9-8B1C-4C7E-B0F1-9EFC40C47BBF}.Debug|x86.ActiveCfg = Debug|Any CPU
		{6F23A5F9-8B1C-4C7E-B0F1-9EFC40C47BBF}.Debug|x86.Build.0 = Debug|Any CPU
		{6F23A5F9-8B1C-4C7E-B0F1-9EFC40C47BBF}.Release|Any CPU.ActiveCfg = Release|Any CPU
		{6F23A5F9-8B1C-4C7E-B0F1-9EFC40C47BBF}.Release|Any CPU.Build.0 = Release|Any CPU
		{6F23A5F9-8B1C-4C7E-B0F1-9EFC40C47BBF}.Release|x64.ActiveCfg = Release|Any CPU
		{6F23A5F9-8B1C-4C7E-B0F1-9EFC40C47BBF}.Release|x64.Build.0 = Release|Any CPU
		{6F23A5F9-8B1C-4C7E-B0F1-9EFC40C47BBF}.Release|x86.ActiveCfg = Release|Any CPU
		{6F23A5F9-8B1C-4C7E-B0F1-9EFC40C47BBF}.Release|x86.Build.0 = Release|Any CPU
		{FD465A75-0984-4451-B539-B1CEF0BFA4DF}.Debug|Any CPU.ActiveCfg = Debug|Any CPU
		{FD465A75-0984-4451-B539-B1CEF0BFA4DF}.Debug|Any CPU.Build.0 = Debug|Any CPU
		{FD465A75-0984-4451-B539-B1CEF0BFA4DF}.Debug|x64.ActiveCfg = Debug|Any CPU
		{FD465A75-0984-4451-B539-B1CEF0BFA4DF}.Debug|x64.Build.0 = Debug|Any CPU
		{FD465A75-0984-4451-B539-B1CEF0BFA4DF}.Debug|x86.ActiveCfg = Debug|Any CPU
		{FD465A75-0984-4451-B539-B1CEF0BFA4DF}.Debug|x86.Build.0 = Debug|Any CPU
		{FD465A75-0984-4451-B539-B1CEF0BFA4DF}.Release|Any CPU.ActiveCfg = Release|Any CPU
		{FD465A75-0984-4451-B539-B1CEF0BFA4DF}.Release|Any CPU.Build.0 = Release|Any CPU
		{FD465A75-0984-4451-B539-B1CEF0BFA4DF}.Release|x64.ActiveCfg = Release|Any CPU
		{FD465A75-0984-4451-B539-B1CEF0BFA4DF}.Release|x64.Build.0 = Release|Any CPU
		{FD465A75-0984-4451-B539-B1CEF0BFA4DF}.Release|x86.ActiveCfg = Release|Any CPU
		{FD465A75-0984-4451-B539-B1CEF0BFA4DF}.Release|x86.Build.0 = Release|Any CPU
		{AB988D13-CD06-4991-BD8E-57F68E8F1D0B}.Debug|Any CPU.ActiveCfg = Debug|Any CPU
		{AB988D13-CD06-4991-BD8E-57F68E8F1D0B}.Debug|Any CPU.Build.0 = Debug|Any CPU
		{AB988D13-CD06-4991-BD8E-57F68E8F1D0B}.Debug|x64.ActiveCfg = Debug|Any CPU
		{AB988D13-CD06-4991-BD8E-57F68E8F1D0B}.Debug|x64.Build.0 = Debug|Any CPU
		{AB988D13-CD06-4991-BD8E-57F68E8F1D0B}.Debug|x86.ActiveCfg = Debug|Any CPU
		{AB988D13-CD06-4991-BD8E-57F68E8F1D0B}.Debug|x86.Build.0 = Debug|Any CPU
		{AB988D13-CD06-4991-BD8E-57F68E8F1D0B}.Release|Any CPU.ActiveCfg = Release|Any CPU
		{AB988D13-CD06-4991-BD8E-57F68E8F1D0B}.Release|Any CPU.Build.0 = Release|Any CPU
		{AB988D13-CD06-4991-BD8E-57F68E8F1D0B}.Release|x64.ActiveCfg = Release|Any CPU
		{AB988D13-CD06-4991-BD8E-57F68E8F1D0B}.Release|x64.Build.0 = Release|Any CPU
		{AB988D13-CD06-4991-BD8E-57F68E8F1D0B}.Release|x86.ActiveCfg = Release|Any CPU
		{AB988D13-CD06-4991-BD8E-57F68E8F1D0B}.Release|x86.Build.0 = Release|Any CPU
		{F8E5F1A4-9974-4759-8531-75C143735A93}.Debug|Any CPU.ActiveCfg = Debug|Any CPU
		{F8E5F1A4-9974-4759-8531-75C143735A93}.Debug|Any CPU.Build.0 = Debug|Any CPU
		{F8E5F1A4-9974-4759-8531-75C143735A93}.Debug|x64.ActiveCfg = Debug|Any CPU
		{F8E5F1A4-9974-4759-8531-75C143735A93}.Debug|x64.Build.0 = Debug|Any CPU
		{F8E5F1A4-9974-4759-8531-75C143735A93}.Debug|x86.ActiveCfg = Debug|Any CPU
		{F8E5F1A4-9974-4759-8531-75C143735A93}.Debug|x86.Build.0 = Debug|Any CPU
		{F8E5F1A4-9974-4759-8531-75C143735A93}.Release|Any CPU.ActiveCfg = Release|Any CPU
		{F8E5F1A4-9974-4759-8531-75C143735A93}.Release|Any CPU.Build.0 = Release|Any CPU
		{F8E5F1A4-9974-4759-8531-75C143735A93}.Release|x64.ActiveCfg = Release|Any CPU
		{F8E5F1A4-9974-4759-8531-75C143735A93}.Release|x64.Build.0 = Release|Any CPU
		{F8E5F1A4-9974-4759-8531-75C143735A93}.Release|x86.ActiveCfg = Release|Any CPU
		{F8E5F1A4-9974-4759-8531-75C143735A93}.Release|x86.Build.0 = Release|Any CPU
		{A15ABA39-DA48-434E-AF11-94490C6360A1}.Debug|Any CPU.ActiveCfg = Debug|Any CPU
		{A15ABA39-DA48-434E-AF11-94490C6360A1}.Debug|Any CPU.Build.0 = Debug|Any CPU
		{A15ABA39-DA48-434E-AF11-94490C6360A1}.Debug|x64.ActiveCfg = Debug|Any CPU
		{A15ABA39-DA48-434E-AF11-94490C6360A1}.Debug|x64.Build.0 = Debug|Any CPU
		{A15ABA39-DA48-434E-AF11-94490C6360A1}.Debug|x86.ActiveCfg = Debug|Any CPU
		{A15ABA39-DA48-434E-AF11-94490C6360A1}.Debug|x86.Build.0 = Debug|Any CPU
		{A15ABA39-DA48-434E-AF11-94490C6360A1}.Release|Any CPU.ActiveCfg = Release|Any CPU
		{A15ABA39-DA48-434E-AF11-94490C6360A1}.Release|Any CPU.Build.0 = Release|Any CPU
		{A15ABA39-DA48-434E-AF11-94490C6360A1}.Release|x64.ActiveCfg = Release|Any CPU
		{A15ABA39-DA48-434E-AF11-94490C6360A1}.Release|x64.Build.0 = Release|Any CPU
		{A15ABA39-DA48-434E-AF11-94490C6360A1}.Release|x86.ActiveCfg = Release|Any CPU
		{A15ABA39-DA48-434E-AF11-94490C6360A1}.Release|x86.Build.0 = Release|Any CPU
	EndGlobalSection
	GlobalSection(SolutionProperties) = preSolution
		HideSolutionNode = FALSE
	EndGlobalSection
EndGlobal
